
Microsoft Visual Studio Solution File, Format Version 12.00
# Visual Studio Version 16
VisualStudioVersion = 16.0.30114.105
MinimumVisualStudioVersion = 10.0.40219.1
Project("{FAE04EC0-301F-11D3-BF4B-00C04F79EFBC}") = "OcelotGatewayDemo.Api.Cache", "src\OcelotGatewayDemo.Api.Cache\OcelotGatewayDemo.Api.Cache.csproj", "{C1E21D78-1360-4299-AC8A-B28A1349473E}"
EndProject
Project("{FAE04EC0-301F-11D3-BF4B-00C04F79EFBC}") = "OcelotGatewayDemo.Api.Gateway", "src\OcelotGatewayDemo.Api.Gateway\OcelotGatewayDemo.Api.Gateway.csproj", "{BC1EFD26-28C6-4BA3-B678-A53B13427A57}"
EndProject
Project("{FAE04EC0-301F-11D3-BF4B-00C04F79EFBC}") = "OcelotGatewayDemo.Tests", "tests\OcelotGatewayDemo.Tests\OcelotGatewayDemo.Tests.csproj", "{7FB1AD18-3F8E-44E3-AFC2-8869DDB0A97C}"
EndProject
Global
	GlobalSection(SolutionConfigurationPlatforms) = preSolution
		Debug|Any CPU = Debug|Any CPU
		Release|Any CPU = Release|Any CPU
	EndGlobalSection
	GlobalSection(SolutionProperties) = preSolution
		HideSolutionNode = FALSE
	EndGlobalSection
	GlobalSection(ProjectConfigurationPlatforms) = postSolution
		{C1E21D78-1360-4299-AC8A-B28A1349473E}.Debug|Any CPU.ActiveCfg = Debug|Any CPU
		{C1E21D78-1360-4299-AC8A-B28A1349473E}.Debug|Any CPU.Build.0 = Debug|Any CPU
		{C1E21D78-1360-4299-AC8A-B28A1349473E}.Release|Any CPU.ActiveCfg = Release|Any CPU
		{C1E21D78-1360-4299-AC8A-B28A1349473E}.Release|Any CPU.Build.0 = Release|Any CPU
		{BC1EFD26-28C6-4BA3-B678-A53B13427A57}.Debug|Any CPU.ActiveCfg = Debug|Any CPU
		{BC1EFD26-28C6-4BA3-B678-A53B13427A57}.Debug|Any CPU.Build.0 = Debug|Any CPU
		{BC1EFD26-28C6-4BA3-B678-A53B13427A57}.Release|Any CPU.ActiveCfg = Release|Any CPU
		{BC1EFD26-28C6-4BA3-B678-A53B13427A57}.Release|Any CPU.Build.0 = Release|Any CPU
		{7FB1AD18-3F8E-44E3-AFC2-8869DDB0A97C}.Debug|Any CPU.ActiveCfg = Debug|Any CPU
		{7FB1AD18-3F8E-44E3-AFC2-8869DDB0A97C}.Debug|Any CPU.Build.0 = Debug|Any CPU
		{7FB1AD18-3F8E-44E3-AFC2-8869DDB0A97C}.Release|Any CPU.ActiveCfg = Release|Any CPU
		{7FB1AD18-3F8E-44E3-AFC2-8869DDB0A97C}.Release|Any CPU.Build.0 = Release|Any CPU
	EndGlobalSection
EndGlobal
